{
    "name": "@webilix/nestjs-helper",
    "version": "0.0.3",
    "lockfileVersion": 3,
    "requires": true,
    "packages": {
        "": {
            "name": "@webilix/nestjs-helper",
            "version": "0.0.3",
            "license": "MIT",
            "dependencies": {
                "@nestjs/common": ">=9.3.9",
                "@webilix/helper-library": ">=4.2.2",
                "@webilix/jalali-date-time": ">=1.1.0"
            },
            "devDependencies": {
                "@types/node": "^18.14.0",
                "rimraf": "^4.1.2",
                "rxjs": "^7.8.0",
                "typescript": "^4.9.5"
            }
        },
        "node_modules/@lukeed/csprng": {
            "version": "1.0.1",
            "resolved": "https://registry.npmjs.org/@lukeed/csprng/-/csprng-1.0.1.tgz",
            "integrity": "sha512-uSvJdwQU5nK+Vdf6zxcWAY2A8r7uqe+gePwLWzJ+fsQehq18pc0I2hJKwypZ2aLM90+Er9u1xn4iLJPZ+xlL4g==",
            "engines": {
                "node": ">=8"
            }
        },
        "node_modules/@nestjs/common": {
            "version": "9.3.9",
            "resolved": "https://registry.npmjs.org/@nestjs/common/-/common-9.3.9.tgz",
            "integrity": "sha512-GshTD9Xz+wD2em6NyzU4NXw5IXMUmapgDgD+iuj6XL0258hvDwODmNk37mBBnZvTZlqER+krvIUKnS34etqF/A==",
            "dependencies": {
                "iterare": "1.2.1",
                "tslib": "2.5.0",
                "uid": "2.0.1"
            },
            "funding": {
                "type": "opencollective",
                "url": "https://opencollective.com/nest"
            },
            "peerDependencies": {
                "cache-manager": "<=5",
                "class-transformer": "*",
                "class-validator": "*",
                "reflect-metadata": "^0.1.12",
                "rxjs": "^7.1.0"
            },
            "peerDependenciesMeta": {
                "cache-manager": {
                    "optional": true
                },
                "class-transformer": {
                    "optional": true
                },
                "class-validator": {
                    "optional": true
                }
            }
        },
        "node_modules/@types/node": {
            "version": "18.14.0",
            "resolved": "https://registry.npmjs.org/@types/node/-/node-18.14.0.tgz",
            "integrity": "sha512-5EWrvLmglK+imbCJY0+INViFWUHg1AHel1sq4ZVSfdcNqGy9Edv3UB9IIzzg+xPaUcAgZYcfVs2fBcwDeZzU0A==",
            "dev": true
        },
        "node_modules/@webilix/helper-library": {
            "version": "4.2.2",
            "resolved": "https://registry.npmjs.org/@webilix/helper-library/-/helper-library-4.2.2.tgz",
            "integrity": "sha512-c9XkxUhTaRl0FnfLaH9FiPRNzqpUhOojZT3BE7NBjOa39Ex3EKudv62D9+OwxFTRxCpYGIrNEaaIjbCLA/xFkg==",
            "dependencies": {
                "@webilix/jalali-date-time": "^1.1.0"
            }
        },
        "node_modules/@webilix/jalali-date-time": {
            "version": "1.1.0",
            "resolved": "https://registry.npmjs.org/@webilix/jalali-date-time/-/jalali-date-time-1.1.0.tgz",
            "integrity": "sha512-p4qzIOv5CYXoi4wRC1FghTdsuYiJhVyc1MQLwYyM2j94zUlSUiAb7gJQndLJXeG4G5/ypDswcCYTkn1I1ZB+Ew==",
            "dependencies": {
                "moment-timezone": "^0.5.39"
            }
        },
        "node_modules/iterare": {
            "version": "1.2.1",
            "resolved": "https://registry.npmjs.org/iterare/-/iterare-1.2.1.tgz",
            "integrity": "sha512-RKYVTCjAnRthyJes037NX/IiqeidgN1xc3j1RjFfECFp28A1GVwK9nA+i0rJPaHqSZwygLzRnFlzUuHFoWWy+Q==",
            "engines": {
                "node": ">=6"
            }
        },
        "node_modules/moment": {
            "version": "2.29.4",
            "resolved": "https://registry.npmjs.org/moment/-/moment-2.29.4.tgz",
            "integrity": "sha512-5LC9SOxjSc2HF6vO2CyuTDNivEdoz2IvyJJGj6X8DJ0eFyfszE0QiEd+iXmBvUP3WHxSjFH/vIsA0EN00cgr8w==",
            "engines": {
                "node": "*"
            }
        },
        "node_modules/moment-timezone": {
            "version": "0.5.40",
            "resolved": "https://registry.npmjs.org/moment-timezone/-/moment-timezone-0.5.40.tgz",
            "integrity": "sha512-tWfmNkRYmBkPJz5mr9GVDn9vRlVZOTe6yqY92rFxiOdWXbjaR0+9LwQnZGGuNR63X456NqmEkbskte8tWL5ePg==",
            "dependencies": {
                "moment": ">= 2.9.0"
            },
            "engines": {
                "node": "*"
            }
        },
        "node_modules/reflect-metadata": {
            "version": "0.1.13",
            "resolved": "https://registry.npmjs.org/reflect-metadata/-/reflect-metadata-0.1.13.tgz",
            "integrity": "sha512-Ts1Y/anZELhSsjMcU605fU9RE4Oi3p5ORujwbIKXfWa+0Zxs510Qrmrce5/Jowq3cHSZSJqBjypxmHarc+vEWg==",
            "peer": true
        },
        "node_modules/rimraf": {
            "version": "4.1.2",
            "resolved": "https://registry.npmjs.org/rimraf/-/rimraf-4.1.2.tgz",
            "integrity": "sha512-BlIbgFryTbw3Dz6hyoWFhKk+unCcHMSkZGrTFVAx2WmttdBSonsdtRlwiuTbDqTKr+UlXIUqJVS4QT5tUzGENQ==",
            "dev": true,
            "bin": {
                "rimraf": "dist/cjs/src/bin.js"
            },
            "engines": {
                "node": ">=14"
            },
            "funding": {
                "url": "https://github.com/sponsors/isaacs"
            }
        },
        "node_modules/rxjs": {
            "version": "7.8.0",
            "resolved": "https://registry.npmjs.org/rxjs/-/rxjs-7.8.0.tgz",
            "integrity": "sha512-F2+gxDshqmIub1KdvZkaEfGDwLNpPvk9Fs6LD/MyQxNgMds/WH9OdDDXOmxUZpME+iSK3rQCctkL0DYyytUqMg==",
            "dependencies": {
                "tslib": "^2.1.0"
            }
        },
        "node_modules/tslib": {
            "version": "2.5.0",
            "resolved": "https://registry.npmjs.org/tslib/-/tslib-2.5.0.tgz",
            "integrity": "sha512-336iVw3rtn2BUK7ORdIAHTyxHGRIHVReokCR3XjbckJMK7ms8FysBfhLR8IXnAgy7T0PTPNBWKiH514FOW/WSg=="
        },
        "node_modules/typescript": {
            "version": "4.9.5",
            "resolved": "https://registry.npmjs.org/typescript/-/typescript-4.9.5.tgz",
            "integrity": "sha512-1FXk9E2Hm+QzZQ7z+McJiHL4NW1F2EzMu9Nq9i3zAaGqibafqYwCVU6WyWAuyQRRzOlxou8xZSyXLEN8oKj24g==",
            "dev": true,
            "bin": {
                "tsc": "bin/tsc",
                "tsserver": "bin/tsserver"
            },
            "engines": {
                "node": ">=4.2.0"
            }
        },
        "node_modules/uid": {
            "version": "2.0.1",
            "resolved": "https://registry.npmjs.org/uid/-/uid-2.0.1.tgz",
            "integrity": "sha512-PF+1AnZgycpAIEmNtjxGBVmKbZAQguaa4pBUq6KNaGEcpzZ2klCNZLM34tsjp76maN00TttiiUf6zkIBpJQm2A==",
            "dependencies": {
                "@lukeed/csprng": "^1.0.0"
            },
            "engines": {
                "node": ">=8"
            }
        }
    }
}
